// !$*UTF8*$!
{
	archiveVersion = 1;
	classes = {
	};
	objectVersion = 55;
	objects = {

/* Begin PBXBuildFile section */
		433BDC0E27BF1DAA00AA7F32 /* AnswerResultView.swift in Sources */ = {isa = PBXBuildFile; fileRef = 433BDC0D27BF1DAA00AA7F32 /* AnswerResultView.swift */; };
		433BDC1027BF1E6000AA7F32 /* AnswerResult.swift in Sources */ = {isa = PBXBuildFile; fileRef = 433BDC0F27BF1E6000AA7F32 /* AnswerResult.swift */; };
		437C995927BEB1EC006647F9 /* TestViewController.swift in Sources */ = {isa = PBXBuildFile; fileRef = 437C995827BEB1EC006647F9 /* TestViewController.swift */; };
		437C995C27BEB740006647F9 /* UIView+Constraints.swift in Sources */ = {isa = PBXBuildFile; fileRef = 437C995B27BEB740006647F9 /* UIView+Constraints.swift */; };
		437C995E27BEC428006647F9 /* Array+safeIndex.swift.swift in Sources */ = {isa = PBXBuildFile; fileRef = 437C995D27BEC428006647F9 /* Array+safeIndex.swift.swift */; };
		43F0E83627BADCC3004C1521 /* AppDelegate.swift in Sources */ = {isa = PBXBuildFile; fileRef = 43F0E83527BADCC3004C1521 /* AppDelegate.swift */; };
		43F0E83827BADCC3004C1521 /* SceneDelegate.swift in Sources */ = {isa = PBXBuildFile; fileRef = 43F0E83727BADCC3004C1521 /* SceneDelegate.swift */; };
		43F0E83A27BADCC3004C1521 /* ViewController.swift in Sources */ = {isa = PBXBuildFile; fileRef = 43F0E83927BADCC3004C1521 /* ViewController.swift */; };
		43F0E83D27BADCC3004C1521 /* Main.storyboard in Resources */ = {isa = PBXBuildFile; fileRef = 43F0E83B27BADCC3004C1521 /* Main.storyboard */; };
		43F0E83F27BADCC5004C1521 /* Assets.xcassets in Resources */ = {isa = PBXBuildFile; fileRef = 43F0E83E27BADCC5004C1521 /* Assets.xcassets */; };
		43F0E84227BADCC5004C1521 /* LaunchScreen.storyboard in Resources */ = {isa = PBXBuildFile; fileRef = 43F0E84027BADCC5004C1521 /* LaunchScreen.storyboard */; };
		43F0E84A27BADCED004C1521 /* questions.txt in Resources */ = {isa = PBXBuildFile; fileRef = 43F0E84927BADCED004C1521 /* questions.txt */; };
		43F0E84D27BADED4004C1521 /* Question.swift in Sources */ = {isa = PBXBuildFile; fileRef = 43F0E84C27BADED4004C1521 /* Question.swift */; };
		43F0E84F27BADF0C004C1521 /* QuizGame.swift in Sources */ = {isa = PBXBuildFile; fileRef = 43F0E84E27BADF0C004C1521 /* QuizGame.swift */; };
		43F0E85127BB02A0004C1521 /* GameManager.swift in Sources */ = {isa = PBXBuildFile; fileRef = 43F0E85027BB02A0004C1521 /* GameManager.swift */; };
/* End PBXBuildFile section */

/* Begin PBXFileReference section */
		433BDC0D27BF1DAA00AA7F32 /* AnswerResultView.swift */ = {isa = PBXFileReference; lastKnownFileType = sourcecode.swift; path = AnswerResultView.swift; sourceTree = "<group>"; };
		433BDC0F27BF1E6000AA7F32 /* AnswerResult.swift */ = {isa = PBXFileReference; lastKnownFileType = sourcecode.swift; path = AnswerResult.swift; sourceTree = "<group>"; };
		437C995827BEB1EC006647F9 /* TestViewController.swift */ = {isa = PBXFileReference; lastKnownFileType = sourcecode.swift; path = TestViewController.swift; sourceTree = "<group>"; };
		437C995B27BEB740006647F9 /* UIView+Constraints.swift */ = {isa = PBXFileReference; lastKnownFileType = sourcecode.swift; path = "UIView+Constraints.swift"; sourceTree = "<group>"; };
		437C995D27BEC428006647F9 /* Array+safeIndex.swift.swift */ = {isa = PBXFileReference; lastKnownFileType = sourcecode.swift; path = "Array+safeIndex.swift.swift"; sourceTree = "<group>"; };
		43F0E83227BADCC3004C1521 /* QuizGame.app */ = {isa = PBXFileReference; explicitFileType = wrapper.application; includeInIndex = 0; path = QuizGame.app; sourceTree = BUILT_PRODUCTS_DIR; };
		43F0E83527BADCC3004C1521 /* AppDelegate.swift */ = {isa = PBXFileReference; lastKnownFileType = sourcecode.swift; path = AppDelegate.swift; sourceTree = "<group>"; };
		43F0E83727BADCC3004C1521 /* SceneDelegate.swift */ = {isa = PBXFileReference; lastKnownFileType = sourcecode.swift; path = SceneDelegate.swift; sourceTree = "<group>"; };
		43F0E83927BADCC3004C1521 /* ViewController.swift */ = {isa = PBXFileReference; lastKnownFileType = sourcecode.swift; path = ViewController.swift; sourceTree = "<group>"; };
		43F0E83C27BADCC3004C1521 /* Base */ = {isa = PBXFileReference; lastKnownFileType = file.storyboard; name = Base; path = Base.lproj/Main.storyboard; sourceTree = "<group>"; };
		43F0E83E27BADCC5004C1521 /* Assets.xcassets */ = {isa = PBXFileReference; lastKnownFileType = folder.assetcatalog; path = Assets.xcassets; sourceTree = "<group>"; };
		43F0E84127BADCC5004C1521 /* Base */ = {isa = PBXFileReference; lastKnownFileType = file.storyboard; name = Base; path = Base.lproj/LaunchScreen.storyboard; sourceTree = "<group>"; };
		43F0E84327BADCC5004C1521 /* Info.plist */ = {isa = PBXFileReference; lastKnownFileType = text.plist.xml; path = Info.plist; sourceTree = "<group>"; };
		43F0E84927BADCED004C1521 /* questions.txt */ = {isa = PBXFileReference; fileEncoding = 4; lastKnownFileType = text; path = questions.txt; sourceTree = "<group>"; };
		43F0E84C27BADED4004C1521 /* Question.swift */ = {isa = PBXFileReference; lastKnownFileType = sourcecode.swift; path = Question.swift; sourceTree = "<group>"; };
		43F0E84E27BADF0C004C1521 /* QuizGame.swift */ = {isa = PBXFileReference; lastKnownFileType = sourcecode.swift; path = QuizGame.swift; sourceTree = "<group>"; };
		43F0E85027BB02A0004C1521 /* GameManager.swift */ = {isa = PBXFileReference; lastKnownFileType = sourcecode.swift; path = GameManager.swift; sourceTree = "<group>"; };
/* End PBXFileReference section */

/* Begin PBXFrameworksBuildPhase section */
		43F0E82F27BADCC3004C1521 /* Frameworks */ = {
			isa = PBXFrameworksBuildPhase;
			buildActionMask = 2147483647;
			files = (
			);
			runOnlyForDeploymentPostprocessing = 0;
		};
/* End PBXFrameworksBuildPhase section */

/* Begin PBXGroup section */
		433BDC0C27BF1D9800AA7F32 /* Views */ = {
			isa = PBXGroup;
			children = (
				433BDC0D27BF1DAA00AA7F32 /* AnswerResultView.swift */,
			);
			path = Views;
			sourceTree = "<group>";
		};
		433BDC1127BF1FB500AA7F32 /* Controllers */ = {
			isa = PBXGroup;
			children = (
				43F0E83927BADCC3004C1521 /* ViewController.swift */,
				437C995827BEB1EC006647F9 /* TestViewController.swift */,
			);
			path = Controllers;
			sourceTree = "<group>";
		};
		437C995A27BEB6FD006647F9 /* Extensions */ = {
			isa = PBXGroup;
			children = (
				437C995B27BEB740006647F9 /* UIView+Constraints.swift */,
				437C995D27BEC428006647F9 /* Array+safeIndex.swift.swift */,
			);
			path = Extensions;
			sourceTree = "<group>";
		};
		43F0E82927BADCC3004C1521 = {
			isa = PBXGroup;
			children = (
				43F0E83427BADCC3004C1521 /* QuizGame */,
				43F0E83327BADCC3004C1521 /* Products */,
			);
			sourceTree = "<group>";
		};
		43F0E83327BADCC3004C1521 /* Products */ = {
			isa = PBXGroup;
			children = (
				43F0E83227BADCC3004C1521 /* QuizGame.app */,
			);
			name = Products;
			sourceTree = "<group>";
		};
		43F0E83427BADCC3004C1521 /* QuizGame */ = {
			isa = PBXGroup;
			children = (
				43F0E84B27BADD26004C1521 /* Model */,
				433BDC1127BF1FB500AA7F32 /* Controllers */,
				433BDC0C27BF1D9800AA7F32 /* Views */,
				437C995A27BEB6FD006647F9 /* Extensions */,
				43F0E84927BADCED004C1521 /* questions.txt */,
				43F0E83527BADCC3004C1521 /* AppDelegate.swift */,
				43F0E83727BADCC3004C1521 /* SceneDelegate.swift */,
				43F0E83B27BADCC3004C1521 /* Main.storyboard */,
				43F0E83E27BADCC5004C1521 /* Assets.xcassets */,
				43F0E84027BADCC5004C1521 /* LaunchScreen.storyboard */,
				43F0E84327BADCC5004C1521 /* Info.plist */,
			);
			path = QuizGame;
			sourceTree = "<group>";
		};
		43F0E84B27BADD26004C1521 /* Model */ = {
			isa = PBXGroup;
			children = (
				43F0E84E27BADF0C004C1521 /* QuizGame.swift */,
				43F0E84C27BADED4004C1521 /* Question.swift */,
				433BDC0F27BF1E6000AA7F32 /* AnswerResult.swift */,
				43F0E85027BB02A0004C1521 /* GameManager.swift */,
			);
			path = Model;
			sourceTree = "<group>";
		};
/* End PBXGroup section */

/* Begin PBXNativeTarget section */
		43F0E83127BADCC3004C1521 /* QuizGame */ = {
			isa = PBXNativeTarget;
			buildConfigurationList = 43F0E84627BADCC5004C1521 /* Build configuration list for PBXNativeTarget "QuizGame" */;
			buildPhases = (
				43F0E82E27BADCC3004C1521 /* Sources */,
				43F0E82F27BADCC3004C1521 /* Frameworks */,
				43F0E83027BADCC3004C1521 /* Resources */,
			);
			buildRules = (
			);
			dependencies = (
			);
			name = QuizGame;
			productName = QuizGame;
			productReference = 43F0E83227BADCC3004C1521 /* QuizGame.app */;
			productType = "com.apple.product-type.application";
		};
/* End PBXNativeTarget section */

/* Begin PBXProject section */
		43F0E82A27BADCC3004C1521 /* Project object */ = {
			isa = PBXProject;
			attributes = {
				BuildIndependentTargetsInParallel = 1;
				LastSwiftUpdateCheck = 1320;
				LastUpgradeCheck = 1320;
				TargetAttributes = {
					43F0E83127BADCC3004C1521 = {
						CreatedOnToolsVersion = 13.2.1;
					};
				};
			};
			buildConfigurationList = 43F0E82D27BADCC3004C1521 /* Build configuration list for PBXProject "QuizGame" */;
			compatibilityVersion = "Xcode 13.0";
			developmentRegion = en;
			hasScannedForEncodings = 0;
			knownRegions = (
				en,
				Base,
			);
			mainGroup = 43F0E82927BADCC3004C1521;
			productRefGroup = 43F0E83327BADCC3004C1521 /* Products */;
			projectDirPath = "";
			projectRoot = "";
			targets = (
				43F0E83127BADCC3004C1521 /* QuizGame */,
			);
		};
/* End PBXProject section */

/* Begin PBXResourcesBuildPhase section */
		43F0E83027BADCC3004C1521 /* Resources */ = {
			isa = PBXResourcesBuildPhase;
			buildActionMask = 2147483647;
			files = (
				43F0E84227BADCC5004C1521 /* LaunchScreen.storyboard in Resources */,
				43F0E83F27BADCC5004C1521 /* Assets.xcassets in Resources */,
				43F0E84A27BADCED004C1521 /* questions.txt in Resources */,
				43F0E83D27BADCC3004C1521 /* Main.storyboard in Resources */,
			);
			runOnlyForDeploymentPostprocessing = 0;
		};
/* End PBXResourcesBuildPhase section */

/* Begin PBXSourcesBuildPhase section */
		43F0E82E27BADCC3004C1521 /* Sources */ = {
			isa = PBXSourcesBuildPhase;
			buildActionMask = 2147483647;
			files = (
				437C995C27BEB740006647F9 /* UIView+Constraints.swift in Sources */,
				437C995927BEB1EC006647F9 /* TestViewController.swift in Sources */,
				433BDC0E27BF1DAA00AA7F32 /* AnswerResultView.swift in Sources */,
				43F0E85127BB02A0004C1521 /* GameManager.swift in Sources */,
				43F0E83A27BADCC3004C1521 /* ViewController.swift in Sources */,
				43F0E84D27BADED4004C1521 /* Question.swift in Sources */,
				437C995E27BEC428006647F9 /* Array+safeIndex.swift.swift in Sources */,
				43F0E83627BADCC3004C1521 /* AppDelegate.swift in Sources */,
				43F0E83827BADCC3004C1521 /* SceneDelegate.swift in Sources */,
				433BDC1027BF1E6000AA7F32 /* AnswerResult.swift in Sources */,
				43F0E84F27BADF0C004C1521 /* QuizGame.swift in Sources */,
			);
			runOnlyForDeploymentPostprocessing = 0;
		};
/* End PBXSourcesBuildPhase section */

/* Begin PBXVariantGroup section */
		43F0E83B27BADCC3004C1521 /* Main.storyboard */ = {
			isa = PBXVariantGroup;
			children = (
				43F0E83C27BADCC3004C1521 /* Base */,
			);
			name = Main.storyboard;
			sourceTree = "<group>";
		};
		43F0E84027BADCC5004C1521 /* LaunchScreen.storyboard */ = {
			isa = PBXVariantGroup;
			children = (
				43F0E84127BADCC5004C1521 /* Base */,
			);
			name = LaunchScreen.storyboard;
			sourceTree = "<group>";
		};
/* End PBXVariantGroup section */

/* Begin XCBuildConfiguration section */
		43F0E84427BADCC5004C1521 /* Debug */ = {
			isa = XCBuildConfiguration;
			buildSettings = {
				ALWAYS_SEARCH_USER_PATHS = NO;
				CLANG_ANALYZER_NONNULL = YES;
				CLANG_ANALYZER_NUMBER_OBJECT_CONVERSION = YES_AGGRESSIVE;
				CLANG_CXX_LANGUAGE_STANDARD = "gnu++17";
				CLANG_CXX_LIBRARY = "libc++";
				CLANG_ENABLE_MODULES = YES;
				CLANG_ENABLE_OBJC_ARC = YES;
				CLANG_ENABLE_OBJC_WEAK = YES;
				CLANG_WARN_BLOCK_CAPTURE_AUTORELEASING = YES;
				CLANG_WARN_BOOL_CONVERSION = YES;
				CLANG_WARN_COMMA = YES;
				CLANG_WARN_CONSTANT_CONVERSION = YES;
				CLANG_WARN_DEPRECATED_OBJC_IMPLEMENTATIONS = YES;
				CLANG_WARN_DIRECT_OBJC_ISA_USAGE = YES_ERROR;
				CLANG_WARN_DOCUMENTATION_COMMENTS = YES;
				CLANG_WARN_EMPTY_BODY = YES;
				CLANG_WARN_ENUM_CONVERSION = YES;
				CLANG_WARN_INFINITE_RECURSION = YES;
				CLANG_WARN_INT_CONVERSION = YES;
				CLANG_WARN_NON_LITERAL_NULL_CONVERSION = YES;
				CLANG_WARN_OBJC_IMPLICIT_RETAIN_SELF = YES;
				CLANG_WARN_OBJC_LITERAL_CONVERSION = YES;
				CLANG_WARN_OBJC_ROOT_CLASS = YES_ERROR;
				CLANG_WARN_QUOTED_INCLUDE_IN_FRAMEWORK_HEADER = YES;
				CLANG_WARN_RANGE_LOOP_ANALYSIS = YES;
				CLANG_WARN_STRICT_PROTOTYPES = YES;
				CLANG_WARN_SUSPICIOUS_MOVE = YES;
				CLANG_WARN_UNGUARDED_AVAILABILITY = YES_AGGRESSIVE;
				CLANG_WARN_UNREACHABLE_CODE = YES;
				CLANG_WARN__DUPLICATE_METHOD_MATCH = YES;
				COPY_PHASE_STRIP = NO;
				DEBUG_INFORMATION_FORMAT = dwarf;
				ENABLE_STRICT_OBJC_MSGSEND = YES;
				ENABLE_TESTABILITY = YES;
				GCC_C_LANGUAGE_STANDARD = gnu11;
				GCC_DYNAMIC_NO_PIC = NO;
				GCC_NO_COMMON_BLOCKS = YES;
				GCC_OPTIMIZATION_LEVEL = 0;
				GCC_PREPROCESSOR_DEFINITIONS = (
					"DEBUG=1",
					"$(inherited)",
				);
				GCC_WARN_64_TO_32_BIT_CONVERSION = YES;
				GCC_WARN_ABOUT_RETURN_TYPE = YES_ERROR;
				GCC_WARN_UNDECLARED_SELECTOR = YES;
				GCC_WARN_UNINITIALIZED_AUTOS = YES_AGGRESSIVE;
				GCC_WARN_UNUSED_FUNCTION = YES;
				GCC_WARN_UNUSED_VARIABLE = YES;
				IPHONEOS_DEPLOYMENT_TARGET = 15.2;
				MTL_ENABLE_DEBUG_INFO = INCLUDE_SOURCE;
				MTL_FAST_MATH = YES;
				ONLY_ACTIVE_ARCH = YES;
				SDKROOT = iphoneos;
				SWIFT_ACTIVE_COMPILATION_CONDITIONS = DEBUG;
				SWIFT_OPTIMIZATION_LEVEL = "-Onone";
			};
			name = Debug;
		};
		43F0E84527BADCC5004C1521 /* Release */ = {
			isa = XCBuildConfiguration;
			buildSettings = {
				ALWAYS_SEARCH_USER_PATHS = NO;
				CLANG_ANALYZER_NONNULL = YES;
				CLANG_ANALYZER_NUMBER_OBJECT_CONVERSION = YES_AGGRESSIVE;
				CLANG_CXX_LANGUAGE_STANDARD = "gnu++17";
				CLANG_CXX_LIBRARY = "libc++";
				CLANG_ENABLE_MODULES = YES;
				CLANG_ENABLE_OBJC_ARC = YES;
				CLANG_ENABLE_OBJC_WEAK = YES;
				CLANG_WARN_BLOCK_CAPTURE_AUTORELEASING = YES;
				CLANG_WARN_BOOL_CONVERSION = YES;
				CLANG_WARN_COMMA = YES;
				CLANG_WARN_CONSTANT_CONVERSION = YES;
				CLANG_WARN_DEPRECATED_OBJC_IMPLEMENTATIONS = YES;
				CLANG_WARN_DIRECT_OBJC_ISA_USAGE = YES_ERROR;
				CLANG_WARN_DOCUMENTATION_COMMENTS = YES;
				CLANG_WARN_EMPTY_BODY = YES;
				CLANG_WARN_ENUM_CONVERSION = YES;
				CLANG_WARN_INFINITE_RECURSION = YES;
				CLANG_WARN_INT_CONVERSION = YES;
				CLANG_WARN_NON_LITERAL_NULL_CONVERSION = YES;
				CLANG_WARN_OBJC_IMPLICIT_RETAIN_SELF = YES;
				CLANG_WARN_OBJC_LITERAL_CONVERSION = YES;
				CLANG_WARN_OBJC_ROOT_CLASS = YES_ERROR;
				CLANG_WARN_QUOTED_INCLUDE_IN_FRAMEWORK_HEADER = YES;
				CLANG_WARN_RANGE_LOOP_ANALYSIS = YES;
				CLANG_WARN_STRICT_PROTOTYPES = YES;
				CLANG_WARN_SUSPICIOUS_MOVE = YES;
				CLANG_WARN_UNGUARDED_AVAILABILITY = YES_AGGRESSIVE;
				CLANG_WARN_UNREACHABLE_CODE = YES;
				CLANG_WARN__DUPLICATE_METHOD_MATCH = YES;
				COPY_PHASE_STRIP = NO;
				DEBUG_INFORMATION_FORMAT = "dwarf-with-dsym";
				ENABLE_NS_ASSERTIONS = NO;
				ENABLE_STRICT_OBJC_MSGSEND = YES;
				GCC_C_LANGUAGE_STANDARD = gnu11;
				GCC_NO_COMMON_BLOCKS = YES;
				GCC_WARN_64_TO_32_BIT_CONVERSION = YES;
				GCC_WARN_ABOUT_RETURN_TYPE = YES_ERROR;
				GCC_WARN_UNDECLARED_SELECTOR = YES;
				GCC_WARN_UNINITIALIZED_AUTOS = YES_AGGRESSIVE;
				GCC_WARN_UNUSED_FUNCTION = YES;
				GCC_WARN_UNUSED_VARIABLE = YES;
				IPHONEOS_DEPLOYMENT_TARGET = 15.2;
				MTL_ENABLE_DEBUG_INFO = NO;
				MTL_FAST_MATH = YES;
				SDKROOT = iphoneos;
				SWIFT_COMPILATION_MODE = wholemodule;
				SWIFT_OPTIMIZATION_LEVEL = "-O";
				VALIDATE_PRODUCT = YES;
			};
			name = Release;
		};
		43F0E84727BADCC5004C1521 /* Debug */ = {
			isa = XCBuildConfiguration;
			buildSettings = {
				ASSETCATALOG_COMPILER_APPICON_NAME = AppIcon;
				ASSETCATALOG_COMPILER_GLOBAL_ACCENT_COLOR_NAME = AccentColor;
				CODE_SIGN_STYLE = Automatic;
				CURRENT_PROJECT_VERSION = 1;
				GENERATE_INFOPLIST_FILE = YES;
				INFOPLIST_FILE = QuizGame/Info.plist;
				INFOPLIST_KEY_UIApplicationSupportsIndirectInputEvents = YES;
				INFOPLIST_KEY_UILaunchStoryboardName = LaunchScreen;
				INFOPLIST_KEY_UIMainStoryboardFile = Main;
				INFOPLIST_KEY_UISupportedInterfaceOrientations_iPad = "UIInterfaceOrientationPortrait UIInterfaceOrientationPortraitUpsideDown UIInterfaceOrientationLandscapeLeft UIInterfaceOrientationLandscapeRight";
				INFOPLIST_KEY_UISupportedInterfaceOrientations_iPhone = "UIInterfaceOrientationPortrait UIInterfaceOrientationLandscapeLeft UIInterfaceOrientationLandscapeRight";
				LD_RUNPATH_SEARCH_PATHS = (
					"$(inherited)",
					"@executable_path/Frameworks",
				);
				MARKETING_VERSION = 1.0;
				PRODUCT_BUNDLE_IDENTIFIER = com.tms.QuizGame;
				PRODUCT_NAME = "$(TARGET_NAME)";
				SWIFT_EMIT_LOC_STRINGS = YES;
				SWIFT_VERSION = 5.0;
				TARGETED_DEVICE_FAMILY = "1,2";
			};
			name = Debug;
		};
		43F0E84827BADCC5004C1521 /* Release */ = {
			isa = XCBuildConfiguration;
			buildSettings = {
				ASSETCATALOG_COMPILER_APPICON_NAME = AppIcon;
				ASSETCATALOG_COMPILER_GLOBAL_ACCENT_COLOR_NAME = AccentColor;
				CODE_SIGN_STYLE = Automatic;
				CURRENT_PROJECT_VERSION = 1;
				GENERATE_INFOPLIST_FILE = YES;
				INFOPLIST_FILE = QuizGame/Info.plist;
				INFOPLIST_KEY_UIApplicationSupportsIndirectInputEvents = YES;
				INFOPLIST_KEY_UILaunchStoryboardName = LaunchScreen;
				INFOPLIST_KEY_UIMainStoryboardFile = Main;
				INFOPLIST_KEY_UISupportedInterfaceOrientations_iPad = "UIInterfaceOrientationPortrait UIInterfaceOrientationPortraitUpsideDown UIInterfaceOrientationLandscapeLeft UIInterfaceOrientationLandscapeRight";
				INFOPLIST_KEY_UISupportedInterfaceOrientations_iPhone = "UIInterfaceOrientationPortrait UIInterfaceOrientationLandscapeLeft UIInterfaceOrientationLandscapeRight";
				LD_RUNPATH_SEARCH_PATHS = (
					"$(inherited)",
					"@executable_path/Frameworks",
				);
				MARKETING_VERSION = 1.0;
				PRODUCT_BUNDLE_IDENTIFIER = com.tms.QuizGame;
				PRODUCT_NAME = "$(TARGET_NAME)";
				SWIFT_EMIT_LOC_STRINGS = YES;
				SWIFT_VERSION = 5.0;
				TARGETED_DEVICE_FAMILY = "1,2";
			};
			name = Release;
		};
/* End XCBuildConfiguration section */

/* Begin XCConfigurationList section */
		43F0E82D27BADCC3004C1521 /* Build configuration list for PBXProject "QuizGame" */ = {
			isa = XCConfigurationList;
			buildConfigurations = (
				43F0E84427BADCC5004C1521 /* Debug */,
				43F0E84527BADCC5004C1521 /* Release */,
			);
			defaultConfigurationIsVisible = 0;
			defaultConfigurationName = Release;
		};
		43F0E84627BADCC5004C1521 /* Build configuration list for PBXNativeTarget "QuizGame" */ = {
			isa = XCConfigurationList;
			buildConfigurations = (
				43F0E84727BADCC5004C1521 /* Debug */,
				43F0E84827BADCC5004C1521 /* Release */,
			);
			defaultConfigurationIsVisible = 0;
			defaultConfigurationName = Release;
		};
/* End XCConfigurationList section */
	};
	rootObject = 43F0E82A27BADCC3004C1521 /* Project object */;
}
